
Microsoft Visual Studio Solution File, Format Version 12.00
# Visual Studio Version 17
VisualStudioVersion = 17.10.34825.169
MinimumVisualStudioVersion = 10.0.40219.1
Project("{9A19103F-16F7-4668-BE54-9A1E7A4F7556}") = "DotNetDevTips", "DotNetDevTips\DotNetDevTips.csproj", "{7583A610-CF76-4EB8-B850-919D8C313994}"
EndProject
Project("{9A19103F-16F7-4668-BE54-9A1E7A4F7556}") = "DotNetDevWebTips", "DotNetDevWebTips\DotNetDevWebTips.csproj", "{00DFF306-7E2B-4D08-A0DB-3F394D5E99F3}"
EndProject
Project("{FAE04EC0-301F-11D3-BF4B-00C04F79EFBC}") = "DotNetDevDB", "DotNetDevDB\DotNetDevDB.csproj", "{A20E8FD5-8A89-4C5F-B2C7-9B57C71F74A5}"
EndProject
Global
	GlobalSection(SolutionConfigurationPlatforms) = preSolution
		Debug|Any CPU = Debug|Any CPU
		Release|Any CPU = Release|Any CPU
	EndGlobalSection
	GlobalSection(ProjectConfigurationPlatforms) = postSolution
		{7583A610-CF76-4EB8-B850-919D8C313994}.Debug|Any CPU.ActiveCfg = Debug|Any CPU
		{7583A610-CF76-4EB8-B850-919D8C313994}.Debug|Any CPU.Build.0 = Debug|Any CPU
		{7583A610-CF76-4EB8-B850-919D8C313994}.Release|Any CPU.ActiveCfg = Release|Any CPU
		{7583A610-CF76-4EB8-B850-919D8C313994}.Release|Any CPU.Build.0 = Release|Any CPU
		{00DFF306-7E2B-4D08-A0DB-3F394D5E99F3}.Debug|Any CPU.ActiveCfg = Debug|Any CPU
		{00DFF306-7E2B-4D08-A0DB-3F394D5E99F3}.Debug|Any CPU.Build.0 = Debug|Any CPU
		{00DFF306-7E2B-4D08-A0DB-3F394D5E99F3}.Release|Any CPU.ActiveCfg = Release|Any CPU
		{00DFF306-7E2B-4D08-A0DB-3F394D5E99F3}.Release|Any CPU.Build.0 = Release|Any CPU
		{A20E8FD5-8A89-4C5F-B2C7-9B57C71F74A5}.Debug|Any CPU.ActiveCfg = Debug|Any CPU
		{A20E8FD5-8A89-4C5F-B2C7-9B57C71F74A5}.Debug|Any CPU.Build.0 = Debug|Any CPU
		{A20E8FD5-8A89-4C5F-B2C7-9B57C71F74A5}.Release|Any CPU.ActiveCfg = Release|Any CPU
		{A20E8FD5-8A89-4C5F-B2C7-9B57C71F74A5}.Release|Any CPU.Build.0 = Release|Any CPU
	EndGlobalSection
	GlobalSection(SolutionProperties) = preSolution
		HideSolutionNode = FALSE
	EndGlobalSection
	GlobalSection(ExtensibilityGlobals) = postSolution
		SolutionGuid = {DA8EEB26-76C3-4251-8EF1-7A410829BE75}
	EndGlobalSection
EndGlobal
